
Microsoft Visual Studio Solution File, Format Version 12.00
# Visual Studio Version 17
VisualStudioVersion = 17.0.31903.59
MinimumVisualStudioVersion = 10.0.40219.1
Project("{FAE04EC0-301F-11D3-BF4B-00C04F79EFBC}") = "NotificationService.API", "NotificationService.API\NotificationService.API.csproj", "{FFC1C93A-AA0D-48DD-AFA5-9B00B7B69B31}"
EndProject
Project("{FAE04EC0-301F-11D3-BF4B-00C04F79EFBC}") = "NotificationService.Business", "NotificationService.Business\NotificationService.Business.csproj", "{FFA4FAF0-737D-4AFD-9BA6-D9551F5C13F3}"
EndProject
Project("{FAE04EC0-301F-11D3-BF4B-00C04F79EFBC}") = "NotificationService.DataAccess", "NotificationService.DataAccess\NotificationService.DataAccess.csproj", "{B41E593C-075F-486E-9925-A5FE811C4D1C}"
EndProject
Project("{FAE04EC0-301F-11D3-BF4B-00C04F79EFBC}") = "NotificationService.Models", "NotificationService.Models\NotificationService.Models.csproj", "{D4496C3E-4FA2-4A6C-A451-022E1349D19F}"
EndProject
Global
	GlobalSection(SolutionConfigurationPlatforms) = preSolution
		Debug|Any CPU = Debug|Any CPU
		Release|Any CPU = Release|Any CPU
	EndGlobalSection
	GlobalSection(SolutionProperties) = preSolution
		HideSolutionNode = FALSE
	EndGlobalSection
	GlobalSection(ProjectConfigurationPlatforms) = postSolution
		{FFC1C93A-AA0D-48DD-AFA5-9B00B7B69B31}.Debug|Any CPU.ActiveCfg = Debug|Any CPU
		{FFC1C93A-AA0D-48DD-AFA5-9B00B7B69B31}.Debug|Any CPU.Build.0 = Debug|Any CPU
		{FFC1C93A-AA0D-48DD-AFA5-9B00B7B69B31}.Release|Any CPU.ActiveCfg = Release|Any CPU
		{FFC1C93A-AA0D-48DD-AFA5-9B00B7B69B31}.Release|Any CPU.Build.0 = Release|Any CPU
		{FFA4FAF0-737D-4AFD-9BA6-D9551F5C13F3}.Debug|Any CPU.ActiveCfg = Debug|Any CPU
		{FFA4FAF0-737D-4AFD-9BA6-D9551F5C13F3}.Debug|Any CPU.Build.0 = Debug|Any CPU
		{FFA4FAF0-737D-4AFD-9BA6-D9551F5C13F3}.Release|Any CPU.ActiveCfg = Release|Any CPU
		{FFA4FAF0-737D-4AFD-9BA6-D9551F5C13F3}.Release|Any CPU.Build.0 = Release|Any CPU
		{B41E593C-075F-486E-9925-A5FE811C4D1C}.Debug|Any CPU.ActiveCfg = Debug|Any CPU
		{B41E593C-075F-486E-9925-A5FE811C4D1C}.Debug|Any CPU.Build.0 = Debug|Any CPU
		{B41E593C-075F-486E-9925-A5FE811C4D1C}.Release|Any CPU.ActiveCfg = Release|Any CPU
		{B41E593C-075F-486E-9925-A5FE811C4D1C}.Release|Any CPU.Build.0 = Release|Any CPU
		{D4496C3E-4FA2-4A6C-A451-022E1349D19F}.Debug|Any CPU.ActiveCfg = Debug|Any CPU
		{D4496C3E-4FA2-4A6C-A451-022E1349D19F}.Debug|Any CPU.Build.0 = Debug|Any CPU
		{D4496C3E-4FA2-4A6C-A451-022E1349D19F}.Release|Any CPU.ActiveCfg = Release|Any CPU
		{D4496C3E-4FA2-4A6C-A451-022E1349D19F}.Release|Any CPU.Build.0 = Release|Any CPU
	EndGlobalSection
EndGlobal
